
Microsoft Visual Studio Solution File, Format Version 12.00
# Visual Studio Version 17
VisualStudioVersion = 17.7.34031.279
MinimumVisualStudioVersion = 10.0.40219.1
Project("{FAE04EC0-301F-11D3-BF4B-00C04F79EFBC}") = "Assignment2", "Assignment2.csproj", "{3CFBEF90-733F-4A34-A4E2-002B4175530B}"
EndProject
Global
	GlobalSection(SolutionConfigurationPlatforms) = preSolution
		Debug|Any CPU = Debug|Any CPU
		Release|Any CPU = Release|Any CPU
	EndGlobalSection
	GlobalSection(ProjectConfigurationPlatforms) = postSolution
		{3CFBEF90-733F-4A34-A4E2-002B4175530B}.Debug|Any CPU.ActiveCfg = Debug|Any CPU
		{3CFBEF90-733F-4A34-A4E2-002B4175530B}.Debug|Any CPU.Build.0 = Debug|Any CPU
		{3CFBEF90-733F-4A34-A4E2-002B4175530B}.Release|Any CPU.ActiveCfg = Release|Any CPU
		{3CFBEF90-733F-4A34-A4E2-002B4175530B}.Release|Any CPU.Build.0 = Release|Any CPU
	EndGlobalSection
	GlobalSection(SolutionProperties) = preSolution
		HideSolutionNode = FALSE
	EndGlobalSection
	GlobalSection(ExtensibilityGlobals) = postSolution
		SolutionGuid = {ACAF7BF7-0C0A-4C62-A546-DA4CA251CDCB}
	EndGlobalSection
EndGlobal
